// !$*UTF8*$!
{
	archiveVersion = 1;
	classes = {
	};
	objectVersion = 56;
	objects = {

/* Begin PBXBuildFile section */
		60D6776E2C08B0D900421EF5 /* AppDelegate.swift in Sources */ = {isa = PBXBuildFile; fileRef = 60D6776D2C08B0D900421EF5 /* AppDelegate.swift */; };
		60D677702C08B0D900421EF5 /* SceneDelegate.swift in Sources */ = {isa = PBXBuildFile; fileRef = 60D6776F2C08B0D900421EF5 /* SceneDelegate.swift */; };
		60D677722C08B0D900421EF5 /* ViewController.swift in Sources */ = {isa = PBXBuildFile; fileRef = 60D677712C08B0D900421EF5 /* ViewController.swift */; };
		60D677752C08B0D900421EF5 /* Base in Resources */ = {isa = PBXBuildFile; fileRef = 60D677742C08B0D900421EF5 /* Base */; };
		60D677782C08B0D900421EF5 /* NewYorkTimes.xcdatamodeld in Sources */ = {isa = PBXBuildFile; fileRef = 60D677762C08B0D900421EF5 /* NewYorkTimes.xcdatamodeld */; };
		60D6777A2C08B0DC00421EF5 /* Assets.xcassets in Resources */ = {isa = PBXBuildFile; fileRef = 60D677792C08B0DC00421EF5 /* Assets.xcassets */; };
		60D6777D2C08B0DC00421EF5 /* Base in Resources */ = {isa = PBXBuildFile; fileRef = 60D6777C2C08B0DC00421EF5 /* Base */; };
		60D677882C08B0DD00421EF5 /* NewYorkTimesTests.swift in Sources */ = {isa = PBXBuildFile; fileRef = 60D677872C08B0DD00421EF5 /* NewYorkTimesTests.swift */; };
		60D677922C08B0DD00421EF5 /* NewYorkTimesUITests.swift in Sources */ = {isa = PBXBuildFile; fileRef = 60D677912C08B0DD00421EF5 /* NewYorkTimesUITests.swift */; };
		60D677942C08B0DD00421EF5 /* NewYorkTimesUITestsLaunchTests.swift in Sources */ = {isa = PBXBuildFile; fileRef = 60D677932C08B0DD00421EF5 /* NewYorkTimesUITestsLaunchTests.swift */; };
		60D677AB2C08B6E000421EF5 /* BaseViewController.swift in Sources */ = {isa = PBXBuildFile; fileRef = 60D677AA2C08B6E000421EF5 /* BaseViewController.swift */; };
		60D677AE2C08BAB300421EF5 /* SplashViewController.xib in Resources */ = {isa = PBXBuildFile; fileRef = 60D677AD2C08BAB300421EF5 /* SplashViewController.xib */; };
		60D677AF2C08BAB300421EF5 /* SplashViewController.swift in Sources */ = {isa = PBXBuildFile; fileRef = 60D677AC2C08BAB300421EF5 /* SplashViewController.swift */; };
		60D677B12C08BB3900421EF5 /* SplashInteractor.swift in Sources */ = {isa = PBXBuildFile; fileRef = 60D677B02C08BB3900421EF5 /* SplashInteractor.swift */; };
		60D677B32C08BBA800421EF5 /* SplashPresenter.swift in Sources */ = {isa = PBXBuildFile; fileRef = 60D677B22C08BBA800421EF5 /* SplashPresenter.swift */; };
		60D677B52C08BBD200421EF5 /* SplashRouter.swift in Sources */ = {isa = PBXBuildFile; fileRef = 60D677B42C08BBD200421EF5 /* SplashRouter.swift */; };
/* End PBXBuildFile section */

/* Begin PBXContainerItemProxy section */
		60D677842C08B0DD00421EF5 /* PBXContainerItemProxy */ = {
			isa = PBXContainerItemProxy;
			containerPortal = 60D677622C08B0D900421EF5 /* Project object */;
			proxyType = 1;
			remoteGlobalIDString = 60D677692C08B0D900421EF5;
			remoteInfo = NewYorkTimes;
		};
		60D6778E2C08B0DD00421EF5 /* PBXContainerItemProxy */ = {
			isa = PBXContainerItemProxy;
			containerPortal = 60D677622C08B0D900421EF5 /* Project object */;
			proxyType = 1;
			remoteGlobalIDString = 60D677692C08B0D900421EF5;
			remoteInfo = NewYorkTimes;
		};
/* End PBXContainerItemProxy section */

/* Begin PBXFileReference section */
		60D6776A2C08B0D900421EF5 /* NewYorkTimes.app */ = {isa = PBXFileReference; explicitFileType = wrapper.application; includeInIndex = 0; path = NewYorkTimes.app; sourceTree = BUILT_PRODUCTS_DIR; };
		60D6776D2C08B0D900421EF5 /* AppDelegate.swift */ = {isa = PBXFileReference; lastKnownFileType = sourcecode.swift; path = AppDelegate.swift; sourceTree = "<group>"; };
		60D6776F2C08B0D900421EF5 /* SceneDelegate.swift */ = {isa = PBXFileReference; lastKnownFileType = sourcecode.swift; path = SceneDelegate.swift; sourceTree = "<group>"; };
		60D677712C08B0D900421EF5 /* ViewController.swift */ = {isa = PBXFileReference; lastKnownFileType = sourcecode.swift; path = ViewController.swift; sourceTree = "<group>"; };
		60D677742C08B0D900421EF5 /* Base */ = {isa = PBXFileReference; lastKnownFileType = file.storyboard; name = Base; path = Base.lproj/Main.storyboard; sourceTree = "<group>"; };
		60D677772C08B0D900421EF5 /* NewYorkTimes.xcdatamodel */ = {isa = PBXFileReference; lastKnownFileType = wrapper.xcdatamodel; path = NewYorkTimes.xcdatamodel; sourceTree = "<group>"; };
		60D677792C08B0DC00421EF5 /* Assets.xcassets */ = {isa = PBXFileReference; lastKnownFileType = folder.assetcatalog; path = Assets.xcassets; sourceTree = "<group>"; };
		60D6777C2C08B0DC00421EF5 /* Base */ = {isa = PBXFileReference; lastKnownFileType = file.storyboard; name = Base; path = Base.lproj/LaunchScreen.storyboard; sourceTree = "<group>"; };
		60D6777E2C08B0DC00421EF5 /* Info.plist */ = {isa = PBXFileReference; lastKnownFileType = text.plist.xml; path = Info.plist; sourceTree = "<group>"; };
		60D677832C08B0DD00421EF5 /* NewYorkTimesTests.xctest */ = {isa = PBXFileReference; explicitFileType = wrapper.cfbundle; includeInIndex = 0; path = NewYorkTimesTests.xctest; sourceTree = BUILT_PRODUCTS_DIR; };
		60D677872C08B0DD00421EF5 /* NewYorkTimesTests.swift */ = {isa = PBXFileReference; lastKnownFileType = sourcecode.swift; path = NewYorkTimesTests.swift; sourceTree = "<group>"; };
		60D6778D2C08B0DD00421EF5 /* NewYorkTimesUITests.xctest */ = {isa = PBXFileReference; explicitFileType = wrapper.cfbundle; includeInIndex = 0; path = NewYorkTimesUITests.xctest; sourceTree = BUILT_PRODUCTS_DIR; };
		60D677912C08B0DD00421EF5 /* NewYorkTimesUITests.swift */ = {isa = PBXFileReference; lastKnownFileType = sourcecode.swift; path = NewYorkTimesUITests.swift; sourceTree = "<group>"; };
		60D677932C08B0DD00421EF5 /* NewYorkTimesUITestsLaunchTests.swift */ = {isa = PBXFileReference; lastKnownFileType = sourcecode.swift; path = NewYorkTimesUITestsLaunchTests.swift; sourceTree = "<group>"; };
		60D677AA2C08B6E000421EF5 /* BaseViewController.swift */ = {isa = PBXFileReference; lastKnownFileType = sourcecode.swift; path = BaseViewController.swift; sourceTree = "<group>"; };
		60D677AC2C08BAB300421EF5 /* SplashViewController.swift */ = {isa = PBXFileReference; lastKnownFileType = sourcecode.swift; path = SplashViewController.swift; sourceTree = "<group>"; };
		60D677AD2C08BAB300421EF5 /* SplashViewController.xib */ = {isa = PBXFileReference; lastKnownFileType = file.xib; path = SplashViewController.xib; sourceTree = "<group>"; };
		60D677B02C08BB3900421EF5 /* SplashInteractor.swift */ = {isa = PBXFileReference; lastKnownFileType = sourcecode.swift; path = SplashInteractor.swift; sourceTree = "<group>"; };
		60D677B22C08BBA800421EF5 /* SplashPresenter.swift */ = {isa = PBXFileReference; lastKnownFileType = sourcecode.swift; path = SplashPresenter.swift; sourceTree = "<group>"; };
		60D677B42C08BBD200421EF5 /* SplashRouter.swift */ = {isa = PBXFileReference; lastKnownFileType = sourcecode.swift; path = SplashRouter.swift; sourceTree = "<group>"; };
/* End PBXFileReference section */

/* Begin PBXFrameworksBuildPhase section */
		60D677672C08B0D900421EF5 /* Frameworks */ = {
			isa = PBXFrameworksBuildPhase;
			buildActionMask = 2147483647;
			files = (
			);
			runOnlyForDeploymentPostprocessing = 0;
		};
		60D677802C08B0DD00421EF5 /* Frameworks */ = {
			isa = PBXFrameworksBuildPhase;
			buildActionMask = 2147483647;
			files = (
			);
			runOnlyForDeploymentPostprocessing = 0;
		};
		60D6778A2C08B0DD00421EF5 /* Frameworks */ = {
			isa = PBXFrameworksBuildPhase;
			buildActionMask = 2147483647;
			files = (
			);
			runOnlyForDeploymentPostprocessing = 0;
		};
/* End PBXFrameworksBuildPhase section */

/* Begin PBXGroup section */
		60D677612C08B0D900421EF5 = {
			isa = PBXGroup;
			children = (
				60D6776C2C08B0D900421EF5 /* NewYorkTimes */,
				60D677862C08B0DD00421EF5 /* NewYorkTimesTests */,
				60D677902C08B0DD00421EF5 /* NewYorkTimesUITests */,
				60D6776B2C08B0D900421EF5 /* Products */,
			);
			sourceTree = "<group>";
		};
		60D6776B2C08B0D900421EF5 /* Products */ = {
			isa = PBXGroup;
			children = (
				60D6776A2C08B0D900421EF5 /* NewYorkTimes.app */,
				60D677832C08B0DD00421EF5 /* NewYorkTimesTests.xctest */,
				60D6778D2C08B0DD00421EF5 /* NewYorkTimesUITests.xctest */,
			);
			name = Products;
			sourceTree = "<group>";
		};
		60D6776C2C08B0D900421EF5 /* NewYorkTimes */ = {
			isa = PBXGroup;
			children = (
				60D677A52C08B68D00421EF5 /* Module */,
				60D677A12C08B61100421EF5 /* Resources */,
				60D677A02C08B5FB00421EF5 /* App */,
				60D677712C08B0D900421EF5 /* ViewController.swift */,
				60D6777E2C08B0DC00421EF5 /* Info.plist */,
			);
			path = NewYorkTimes;
			sourceTree = "<group>";
		};
		60D677862C08B0DD00421EF5 /* NewYorkTimesTests */ = {
			isa = PBXGroup;
			children = (
				60D677872C08B0DD00421EF5 /* NewYorkTimesTests.swift */,
			);
			path = NewYorkTimesTests;
			sourceTree = "<group>";
		};
		60D677902C08B0DD00421EF5 /* NewYorkTimesUITests */ = {
			isa = PBXGroup;
			children = (
				60D677912C08B0DD00421EF5 /* NewYorkTimesUITests.swift */,
				60D677932C08B0DD00421EF5 /* NewYorkTimesUITestsLaunchTests.swift */,
			);
			path = NewYorkTimesUITests;
			sourceTree = "<group>";
		};
		60D677A02C08B5FB00421EF5 /* App */ = {
			isa = PBXGroup;
			children = (
				60D6776D2C08B0D900421EF5 /* AppDelegate.swift */,
				60D6776F2C08B0D900421EF5 /* SceneDelegate.swift */,
			);
			path = App;
			sourceTree = "<group>";
		};
		60D677A12C08B61100421EF5 /* Resources */ = {
			isa = PBXGroup;
			children = (
				60D677A42C08B68100421EF5 /* Extensions */,
				60D677A32C08B67800421EF5 /* View */,
				60D677A22C08B66A00421EF5 /* Utils */,
				60D677732C08B0D900421EF5 /* Main.storyboard */,
				60D6777B2C08B0DC00421EF5 /* LaunchScreen.storyboard */,
				60D677792C08B0DC00421EF5 /* Assets.xcassets */,
				60D677762C08B0D900421EF5 /* NewYorkTimes.xcdatamodeld */,
			);
			path = Resources;
			sourceTree = "<group>";
		};
		60D677A22C08B66A00421EF5 /* Utils */ = {
			isa = PBXGroup;
			children = (
			);
			path = Utils;
			sourceTree = "<group>";
		};
		60D677A32C08B67800421EF5 /* View */ = {
			isa = PBXGroup;
			children = (
			);
			path = View;
			sourceTree = "<group>";
		};
		60D677A42C08B68100421EF5 /* Extensions */ = {
			isa = PBXGroup;
			children = (
			);
			path = Extensions;
			sourceTree = "<group>";
		};
		60D677A52C08B68D00421EF5 /* Module */ = {
			isa = PBXGroup;
			children = (
				60D677A72C08B6AC00421EF5 /* Splash */,
				60D677A82C08B6B300421EF5 /* Home */,
				60D677A92C08B6B700421EF5 /* Detail */,
				60D677A62C08B69A00421EF5 /* Base */,
			);
			path = Module;
			sourceTree = "<group>";
		};
		60D677A62C08B69A00421EF5 /* Base */ = {
			isa = PBXGroup;
			children = (
				60D677AA2C08B6E000421EF5 /* BaseViewController.swift */,
			);
			path = Base;
			sourceTree = "<group>";
		};
		60D677A72C08B6AC00421EF5 /* Splash */ = {
			isa = PBXGroup;
			children = (
				60D677AC2C08BAB300421EF5 /* SplashViewController.swift */,
				60D677AD2C08BAB300421EF5 /* SplashViewController.xib */,
				60D677B02C08BB3900421EF5 /* SplashInteractor.swift */,
				60D677B22C08BBA800421EF5 /* SplashPresenter.swift */,
				60D677B42C08BBD200421EF5 /* SplashRouter.swift */,
			);
			path = Splash;
			sourceTree = "<group>";
		};
		60D677A82C08B6B300421EF5 /* Home */ = {
			isa = PBXGroup;
			children = (
			);
			path = Home;
			sourceTree = "<group>";
		};
		60D677A92C08B6B700421EF5 /* Detail */ = {
			isa = PBXGroup;
			children = (
			);
			path = Detail;
			sourceTree = "<group>";
		};
/* End PBXGroup section */

/* Begin PBXNativeTarget section */
		60D677692C08B0D900421EF5 /* NewYorkTimes */ = {
			isa = PBXNativeTarget;
			buildConfigurationList = 60D677972C08B0DD00421EF5 /* Build configuration list for PBXNativeTarget "NewYorkTimes" */;
			buildPhases = (
				60D677662C08B0D900421EF5 /* Sources */,
				60D677672C08B0D900421EF5 /* Frameworks */,
				60D677682C08B0D900421EF5 /* Resources */,
			);
			buildRules = (
			);
			dependencies = (
			);
			name = NewYorkTimes;
			productName = NewYorkTimes;
			productReference = 60D6776A2C08B0D900421EF5 /* NewYorkTimes.app */;
			productType = "com.apple.product-type.application";
		};
		60D677822C08B0DD00421EF5 /* NewYorkTimesTests */ = {
			isa = PBXNativeTarget;
			buildConfigurationList = 60D6779A2C08B0DD00421EF5 /* Build configuration list for PBXNativeTarget "NewYorkTimesTests" */;
			buildPhases = (
				60D6777F2C08B0DD00421EF5 /* Sources */,
				60D677802C08B0DD00421EF5 /* Frameworks */,
				60D677812C08B0DD00421EF5 /* Resources */,
			);
			buildRules = (
			);
			dependencies = (
				60D677852C08B0DD00421EF5 /* PBXTargetDependency */,
			);
			name = NewYorkTimesTests;
			productName = NewYorkTimesTests;
			productReference = 60D677832C08B0DD00421EF5 /* NewYorkTimesTests.xctest */;
			productType = "com.apple.product-type.bundle.unit-test";
		};
		60D6778C2C08B0DD00421EF5 /* NewYorkTimesUITests */ = {
			isa = PBXNativeTarget;
			buildConfigurationList = 60D6779D2C08B0DD00421EF5 /* Build configuration list for PBXNativeTarget "NewYorkTimesUITests" */;
			buildPhases = (
				60D677892C08B0DD00421EF5 /* Sources */,
				60D6778A2C08B0DD00421EF5 /* Frameworks */,
				60D6778B2C08B0DD00421EF5 /* Resources */,
			);
			buildRules = (
			);
			dependencies = (
				60D6778F2C08B0DD00421EF5 /* PBXTargetDependency */,
			);
			name = NewYorkTimesUITests;
			productName = NewYorkTimesUITests;
			productReference = 60D6778D2C08B0DD00421EF5 /* NewYorkTimesUITests.xctest */;
			productType = "com.apple.product-type.bundle.ui-testing";
		};
/* End PBXNativeTarget section */

/* Begin PBXProject section */
		60D677622C08B0D900421EF5 /* Project object */ = {
			isa = PBXProject;
			attributes = {
				BuildIndependentTargetsInParallel = 1;
				LastSwiftUpdateCheck = 1530;
				LastUpgradeCheck = 1530;
				TargetAttributes = {
					60D677692C08B0D900421EF5 = {
						CreatedOnToolsVersion = 15.3;
					};
					60D677822C08B0DD00421EF5 = {
						CreatedOnToolsVersion = 15.3;
						TestTargetID = 60D677692C08B0D900421EF5;
					};
					60D6778C2C08B0DD00421EF5 = {
						CreatedOnToolsVersion = 15.3;
						TestTargetID = 60D677692C08B0D900421EF5;
					};
				};
			};
			buildConfigurationList = 60D677652C08B0D900421EF5 /* Build configuration list for PBXProject "NewYorkTimes" */;
			compatibilityVersion = "Xcode 14.0";
			developmentRegion = en;
			hasScannedForEncodings = 0;
			knownRegions = (
				en,
				Base,
			);
			mainGroup = 60D677612C08B0D900421EF5;
			productRefGroup = 60D6776B2C08B0D900421EF5 /* Products */;
			projectDirPath = "";
			projectRoot = "";
			targets = (
				60D677692C08B0D900421EF5 /* NewYorkTimes */,
				60D677822C08B0DD00421EF5 /* NewYorkTimesTests */,
				60D6778C2C08B0DD00421EF5 /* NewYorkTimesUITests */,
			);
		};
/* End PBXProject section */

/* Begin PBXResourcesBuildPhase section */
		60D677682C08B0D900421EF5 /* Resources */ = {
			isa = PBXResourcesBuildPhase;
			buildActionMask = 2147483647;
			files = (
				60D6777A2C08B0DC00421EF5 /* Assets.xcassets in Resources */,
				60D6777D2C08B0DC00421EF5 /* Base in Resources */,
				60D677752C08B0D900421EF5 /* Base in Resources */,
				60D677AE2C08BAB300421EF5 /* SplashViewController.xib in Resources */,
			);
			runOnlyForDeploymentPostprocessing = 0;
		};
		60D677812C08B0DD00421EF5 /* Resources */ = {
			isa = PBXResourcesBuildPhase;
			buildActionMask = 2147483647;
			files = (
			);
			runOnlyForDeploymentPostprocessing = 0;
		};
		60D6778B2C08B0DD00421EF5 /* Resources */ = {
			isa = PBXResourcesBuildPhase;
			buildActionMask = 2147483647;
			files = (
			);
			runOnlyForDeploymentPostprocessing = 0;
		};
/* End PBXResourcesBuildPhase section */

/* Begin PBXSourcesBuildPhase section */
		60D677662C08B0D900421EF5 /* Sources */ = {
			isa = PBXSourcesBuildPhase;
			buildActionMask = 2147483647;
			files = (
				60D677AB2C08B6E000421EF5 /* BaseViewController.swift in Sources */,
				60D677B12C08BB3900421EF5 /* SplashInteractor.swift in Sources */,
				60D677722C08B0D900421EF5 /* ViewController.swift in Sources */,
				60D677B32C08BBA800421EF5 /* SplashPresenter.swift in Sources */,
				60D6776E2C08B0D900421EF5 /* AppDelegate.swift in Sources */,
				60D677AF2C08BAB300421EF5 /* SplashViewController.swift in Sources */,
				60D677782C08B0D900421EF5 /* NewYorkTimes.xcdatamodeld in Sources */,
				60D677B52C08BBD200421EF5 /* SplashRouter.swift in Sources */,
				60D677702C08B0D900421EF5 /* SceneDelegate.swift in Sources */,
			);
			runOnlyForDeploymentPostprocessing = 0;
		};
		60D6777F2C08B0DD00421EF5 /* Sources */ = {
			isa = PBXSourcesBuildPhase;
			buildActionMask = 2147483647;
			files = (
				60D677882C08B0DD00421EF5 /* NewYorkTimesTests.swift in Sources */,
			);
			runOnlyForDeploymentPostprocessing = 0;
		};
		60D677892C08B0DD00421EF5 /* Sources */ = {
			isa = PBXSourcesBuildPhase;
			buildActionMask = 2147483647;
			files = (
				60D677922C08B0DD00421EF5 /* NewYorkTimesUITests.swift in Sources */,
				60D677942C08B0DD00421EF5 /* NewYorkTimesUITestsLaunchTests.swift in Sources */,
			);
			runOnlyForDeploymentPostprocessing = 0;
		};
/* End PBXSourcesBuildPhase section */

/* Begin PBXTargetDependency section */
		60D677852C08B0DD00421EF5 /* PBXTargetDependency */ = {
			isa = PBXTargetDependency;
			target = 60D677692C08B0D900421EF5 /* NewYorkTimes */;
			targetProxy = 60D677842C08B0DD00421EF5 /* PBXContainerItemProxy */;
		};
		60D6778F2C08B0DD00421EF5 /* PBXTargetDependency */ = {
			isa = PBXTargetDependency;
			target = 60D677692C08B0D900421EF5 /* NewYorkTimes */;
			targetProxy = 60D6778E2C08B0DD00421EF5 /* PBXContainerItemProxy */;
		};
/* End PBXTargetDependency section */

/* Begin PBXVariantGroup section */
		60D677732C08B0D900421EF5 /* Main.storyboard */ = {
			isa = PBXVariantGroup;
			children = (
				60D677742C08B0D900421EF5 /* Base */,
			);
			name = Main.storyboard;
			sourceTree = "<group>";
		};
		60D6777B2C08B0DC00421EF5 /* LaunchScreen.storyboard */ = {
			isa = PBXVariantGroup;
			children = (
				60D6777C2C08B0DC00421EF5 /* Base */,
			);
			name = LaunchScreen.storyboard;
			sourceTree = "<group>";
		};
/* End PBXVariantGroup section */

/* Begin XCBuildConfiguration section */
		60D677952C08B0DD00421EF5 /* Debug */ = {
			isa = XCBuildConfiguration;
			buildSettings = {
				ALWAYS_SEARCH_USER_PATHS = NO;
				ASSETCATALOG_COMPILER_GENERATE_SWIFT_ASSET_SYMBOL_EXTENSIONS = YES;
				CLANG_ANALYZER_NONNULL = YES;
				CLANG_ANALYZER_NUMBER_OBJECT_CONVERSION = YES_AGGRESSIVE;
				CLANG_CXX_LANGUAGE_STANDARD = "gnu++20";
				CLANG_ENABLE_MODULES = YES;
				CLANG_ENABLE_OBJC_ARC = YES;
				CLANG_ENABLE_OBJC_WEAK = YES;
				CLANG_WARN_BLOCK_CAPTURE_AUTORELEASING = YES;
				CLANG_WARN_BOOL_CONVERSION = YES;
				CLANG_WARN_COMMA = YES;
				CLANG_WARN_CONSTANT_CONVERSION = YES;
				CLANG_WARN_DEPRECATED_OBJC_IMPLEMENTATIONS = YES;
				CLANG_WARN_DIRECT_OBJC_ISA_USAGE = YES_ERROR;
				CLANG_WARN_DOCUMENTATION_COMMENTS = YES;
				CLANG_WARN_EMPTY_BODY = YES;
				CLANG_WARN_ENUM_CONVERSION = YES;
				CLANG_WARN_INFINITE_RECURSION = YES;
				CLANG_WARN_INT_CONVERSION = YES;
				CLANG_WARN_NON_LITERAL_NULL_CONVERSION = YES;
				CLANG_WARN_OBJC_IMPLICIT_RETAIN_SELF = YES;
				CLANG_WARN_OBJC_LITERAL_CONVERSION = YES;
				CLANG_WARN_OBJC_ROOT_CLASS = YES_ERROR;
				CLANG_WARN_QUOTED_INCLUDE_IN_FRAMEWORK_HEADER = YES;
				CLANG_WARN_RANGE_LOOP_ANALYSIS = YES;
				CLANG_WARN_STRICT_PROTOTYPES = YES;
				CLANG_WARN_SUSPICIOUS_MOVE = YES;
				CLANG_WARN_UNGUARDED_AVAILABILITY = YES_AGGRESSIVE;
				CLANG_WARN_UNREACHABLE_CODE = YES;
				CLANG_WARN__DUPLICATE_METHOD_MATCH = YES;
				COPY_PHASE_STRIP = NO;
				DEBUG_INFORMATION_FORMAT = dwarf;
				ENABLE_STRICT_OBJC_MSGSEND = YES;
				ENABLE_TESTABILITY = YES;
				ENABLE_USER_SCRIPT_SANDBOXING = YES;
				GCC_C_LANGUAGE_STANDARD = gnu17;
				GCC_DYNAMIC_NO_PIC = NO;
				GCC_NO_COMMON_BLOCKS = YES;
				GCC_OPTIMIZATION_LEVEL = 0;
				GCC_PREPROCESSOR_DEFINITIONS = (
					"DEBUG=1",
					"$(inherited)",
				);
				GCC_WARN_64_TO_32_BIT_CONVERSION = YES;
				GCC_WARN_ABOUT_RETURN_TYPE = YES_ERROR;
				GCC_WARN_UNDECLARED_SELECTOR = YES;
				GCC_WARN_UNINITIALIZED_AUTOS = YES_AGGRESSIVE;
				GCC_WARN_UNUSED_FUNCTION = YES;
				GCC_WARN_UNUSED_VARIABLE = YES;
				IPHONEOS_DEPLOYMENT_TARGET = 17.4;
				LOCALIZATION_PREFERS_STRING_CATALOGS = YES;
				MTL_ENABLE_DEBUG_INFO = INCLUDE_SOURCE;
				MTL_FAST_MATH = YES;
				ONLY_ACTIVE_ARCH = YES;
				SDKROOT = iphoneos;
				SWIFT_ACTIVE_COMPILATION_CONDITIONS = "DEBUG $(inherited)";
				SWIFT_OPTIMIZATION_LEVEL = "-Onone";
			};
			name = Debug;
		};
		60D677962C08B0DD00421EF5 /* Release */ = {
			isa = XCBuildConfiguration;
			buildSettings = {
				ALWAYS_SEARCH_USER_PATHS = NO;
				ASSETCATALOG_COMPILER_GENERATE_SWIFT_ASSET_SYMBOL_EXTENSIONS = YES;
				CLANG_ANALYZER_NONNULL = YES;
				CLANG_ANALYZER_NUMBER_OBJECT_CONVERSION = YES_AGGRESSIVE;
				CLANG_CXX_LANGUAGE_STANDARD = "gnu++20";
				CLANG_ENABLE_MODULES = YES;
				CLANG_ENABLE_OBJC_ARC = YES;
				CLANG_ENABLE_OBJC_WEAK = YES;
				CLANG_WARN_BLOCK_CAPTURE_AUTORELEASING = YES;
				CLANG_WARN_BOOL_CONVERSION = YES;
				CLANG_WARN_COMMA = YES;
				CLANG_WARN_CONSTANT_CONVERSION = YES;
				CLANG_WARN_DEPRECATED_OBJC_IMPLEMENTATIONS = YES;
				CLANG_WARN_DIRECT_OBJC_ISA_USAGE = YES_ERROR;
				CLANG_WARN_DOCUMENTATION_COMMENTS = YES;
				CLANG_WARN_EMPTY_BODY = YES;
				CLANG_WARN_ENUM_CONVERSION = YES;
				CLANG_WARN_INFINITE_RECURSION = YES;
				CLANG_WARN_INT_CONVERSION = YES;
				CLANG_WARN_NON_LITERAL_NULL_CONVERSION = YES;
				CLANG_WARN_OBJC_IMPLICIT_RETAIN_SELF = YES;
				CLANG_WARN_OBJC_LITERAL_CONVERSION = YES;
				CLANG_WARN_OBJC_ROOT_CLASS = YES_ERROR;
				CLANG_WARN_QUOTED_INCLUDE_IN_FRAMEWORK_HEADER = YES;
				CLANG_WARN_RANGE_LOOP_ANALYSIS = YES;
				CLANG_WARN_STRICT_PROTOTYPES = YES;
				CLANG_WARN_SUSPICIOUS_MOVE = YES;
				CLANG_WARN_UNGUARDED_AVAILABILITY = YES_AGGRESSIVE;
				CLANG_WARN_UNREACHABLE_CODE = YES;
				CLANG_WARN__DUPLICATE_METHOD_MATCH = YES;
				COPY_PHASE_STRIP = NO;
				DEBUG_INFORMATION_FORMAT = "dwarf-with-dsym";
				ENABLE_NS_ASSERTIONS = NO;
				ENABLE_STRICT_OBJC_MSGSEND = YES;
				ENABLE_USER_SCRIPT_SANDBOXING = YES;
				GCC_C_LANGUAGE_STANDARD = gnu17;
				GCC_NO_COMMON_BLOCKS = YES;
				GCC_WARN_64_TO_32_BIT_CONVERSION = YES;
				GCC_WARN_ABOUT_RETURN_TYPE = YES_ERROR;
				GCC_WARN_UNDECLARED_SELECTOR = YES;
				GCC_WARN_UNINITIALIZED_AUTOS = YES_AGGRESSIVE;
				GCC_WARN_UNUSED_FUNCTION = YES;
				GCC_WARN_UNUSED_VARIABLE = YES;
				IPHONEOS_DEPLOYMENT_TARGET = 17.4;
				LOCALIZATION_PREFERS_STRING_CATALOGS = YES;
				MTL_ENABLE_DEBUG_INFO = NO;
				MTL_FAST_MATH = YES;
				SDKROOT = iphoneos;
				SWIFT_COMPILATION_MODE = wholemodule;
				VALIDATE_PRODUCT = YES;
			};
			name = Release;
		};
		60D677982C08B0DD00421EF5 /* Debug */ = {
			isa = XCBuildConfiguration;
			buildSettings = {
				ASSETCATALOG_COMPILER_APPICON_NAME = AppIcon;
				ASSETCATALOG_COMPILER_GLOBAL_ACCENT_COLOR_NAME = AccentColor;
				CODE_SIGN_STYLE = Automatic;
				CURRENT_PROJECT_VERSION = 1;
				DEVELOPMENT_TEAM = N6AWHLCUPW;
				GENERATE_INFOPLIST_FILE = YES;
				INFOPLIST_FILE = NewYorkTimes/Info.plist;
				INFOPLIST_KEY_UIApplicationSupportsIndirectInputEvents = YES;
				INFOPLIST_KEY_UILaunchStoryboardName = LaunchScreen;
				INFOPLIST_KEY_UIMainStoryboardFile = Main;
				INFOPLIST_KEY_UISupportedInterfaceOrientations_iPad = "UIInterfaceOrientationPortrait UIInterfaceOrientationPortraitUpsideDown UIInterfaceOrientationLandscapeLeft UIInterfaceOrientationLandscapeRight";
				INFOPLIST_KEY_UISupportedInterfaceOrientations_iPhone = "UIInterfaceOrientationPortrait UIInterfaceOrientationLandscapeLeft UIInterfaceOrientationLandscapeRight";
				LD_RUNPATH_SEARCH_PATHS = (
					"$(inherited)",
					"@executable_path/Frameworks",
				);
				MARKETING_VERSION = 1.0;
				PRODUCT_BUNDLE_IDENTIFIER = com.barisakcay.NewYorkTimes;
				PRODUCT_NAME = "$(TARGET_NAME)";
				SWIFT_EMIT_LOC_STRINGS = YES;
				SWIFT_VERSION = 5.0;
				TARGETED_DEVICE_FAMILY = "1,2";
			};
			name = Debug;
		};
		60D677992C08B0DD00421EF5 /* Release */ = {
			isa = XCBuildConfiguration;
			buildSettings = {
				ASSETCATALOG_COMPILER_APPICON_NAME = AppIcon;
				ASSETCATALOG_COMPILER_GLOBAL_ACCENT_COLOR_NAME = AccentColor;
				CODE_SIGN_STYLE = Automatic;
				CURRENT_PROJECT_VERSION = 1;
				DEVELOPMENT_TEAM = N6AWHLCUPW;
				GENERATE_INFOPLIST_FILE = YES;
				INFOPLIST_FILE = NewYorkTimes/Info.plist;
				INFOPLIST_KEY_UIApplicationSupportsIndirectInputEvents = YES;
				INFOPLIST_KEY_UILaunchStoryboardName = LaunchScreen;
				INFOPLIST_KEY_UIMainStoryboardFile = Main;
				INFOPLIST_KEY_UISupportedInterfaceOrientations_iPad = "UIInterfaceOrientationPortrait UIInterfaceOrientationPortraitUpsideDown UIInterfaceOrientationLandscapeLeft UIInterfaceOrientationLandscapeRight";
				INFOPLIST_KEY_UISupportedInterfaceOrientations_iPhone = "UIInterfaceOrientationPortrait UIInterfaceOrientationLandscapeLeft UIInterfaceOrientationLandscapeRight";
				LD_RUNPATH_SEARCH_PATHS = (
					"$(inherited)",
					"@executable_path/Frameworks",
				);
				MARKETING_VERSION = 1.0;
				PRODUCT_BUNDLE_IDENTIFIER = com.barisakcay.NewYorkTimes;
				PRODUCT_NAME = "$(TARGET_NAME)";
				SWIFT_EMIT_LOC_STRINGS = YES;
				SWIFT_VERSION = 5.0;
				TARGETED_DEVICE_FAMILY = "1,2";
			};
			name = Release;
		};
		60D6779B2C08B0DD00421EF5 /* Debug */ = {
			isa = XCBuildConfiguration;
			buildSettings = {
				ALWAYS_EMBED_SWIFT_STANDARD_LIBRARIES = YES;
				BUNDLE_LOADER = "$(TEST_HOST)";
				CODE_SIGN_STYLE = Automatic;
				CURRENT_PROJECT_VERSION = 1;
				DEVELOPMENT_TEAM = N6AWHLCUPW;
				GENERATE_INFOPLIST_FILE = YES;
				IPHONEOS_DEPLOYMENT_TARGET = 17.4;
				MARKETING_VERSION = 1.0;
				PRODUCT_BUNDLE_IDENTIFIER = com.barisakcay.NewYorkTimesTests;
				PRODUCT_NAME = "$(TARGET_NAME)";
				SWIFT_EMIT_LOC_STRINGS = NO;
				SWIFT_VERSION = 5.0;
				TARGETED_DEVICE_FAMILY = "1,2";
				TEST_HOST = "$(BUILT_PRODUCTS_DIR)/NewYorkTimes.app/$(BUNDLE_EXECUTABLE_FOLDER_PATH)/NewYorkTimes";
			};
			name = Debug;
		};
		60D6779C2C08B0DD00421EF5 /* Release */ = {
			isa = XCBuildConfiguration;
			buildSettings = {
				ALWAYS_EMBED_SWIFT_STANDARD_LIBRARIES = YES;
				BUNDLE_LOADER = "$(TEST_HOST)";
				CODE_SIGN_STYLE = Automatic;
				CURRENT_PROJECT_VERSION = 1;
				DEVELOPMENT_TEAM = N6AWHLCUPW;
				GENERATE_INFOPLIST_FILE = YES;
				IPHONEOS_DEPLOYMENT_TARGET = 17.4;
				MARKETING_VERSION = 1.0;
				PRODUCT_BUNDLE_IDENTIFIER = com.barisakcay.NewYorkTimesTests;
				PRODUCT_NAME = "$(TARGET_NAME)";
				SWIFT_EMIT_LOC_STRINGS = NO;
				SWIFT_VERSION = 5.0;
				TARGETED_DEVICE_FAMILY = "1,2";
				TEST_HOST = "$(BUILT_PRODUCTS_DIR)/NewYorkTimes.app/$(BUNDLE_EXECUTABLE_FOLDER_PATH)/NewYorkTimes";
			};
			name = Release;
		};
		60D6779E2C08B0DD00421EF5 /* Debug */ = {
			isa = XCBuildConfiguration;
			buildSettings = {
				ALWAYS_EMBED_SWIFT_STANDARD_LIBRARIES = YES;
				CODE_SIGN_STYLE = Automatic;
				CURRENT_PROJECT_VERSION = 1;
				DEVELOPMENT_TEAM = N6AWHLCUPW;
				GENERATE_INFOPLIST_FILE = YES;
				MARKETING_VERSION = 1.0;
				PRODUCT_BUNDLE_IDENTIFIER = com.barisakcay.NewYorkTimesUITests;
				PRODUCT_NAME = "$(TARGET_NAME)";
				SWIFT_EMIT_LOC_STRINGS = NO;
				SWIFT_VERSION = 5.0;
				TARGETED_DEVICE_FAMILY = "1,2";
				TEST_TARGET_NAME = NewYorkTimes;
			};
			name = Debug;
		};
		60D6779F2C08B0DD00421EF5 /* Release */ = {
			isa = XCBuildConfiguration;
			buildSettings = {
				ALWAYS_EMBED_SWIFT_STANDARD_LIBRARIES = YES;
				CODE_SIGN_STYLE = Automatic;
				CURRENT_PROJECT_VERSION = 1;
				DEVELOPMENT_TEAM = N6AWHLCUPW;
				GENERATE_INFOPLIST_FILE = YES;
				MARKETING_VERSION = 1.0;
				PRODUCT_BUNDLE_IDENTIFIER = com.barisakcay.NewYorkTimesUITests;
				PRODUCT_NAME = "$(TARGET_NAME)";
				SWIFT_EMIT_LOC_STRINGS = NO;
				SWIFT_VERSION = 5.0;
				TARGETED_DEVICE_FAMILY = "1,2";
				TEST_TARGET_NAME = NewYorkTimes;
			};
			name = Release;
		};
/* End XCBuildConfiguration section */

/* Begin XCConfigurationList section */
		60D677652C08B0D900421EF5 /* Build configuration list for PBXProject "NewYorkTimes" */ = {
			isa = XCConfigurationList;
			buildConfigurations = (
				60D677952C08B0DD00421EF5 /* Debug */,
				60D677962C08B0DD00421EF5 /* Release */,
			);
			defaultConfigurationIsVisible = 0;
			defaultConfigurationName = Release;
		};
		60D677972C08B0DD00421EF5 /* Build configuration list for PBXNativeTarget "NewYorkTimes" */ = {
			isa = XCConfigurationList;
			buildConfigurations = (
				60D677982C08B0DD00421EF5 /* Debug */,
				60D677992C08B0DD00421EF5 /* Release */,
			);
			defaultConfigurationIsVisible = 0;
			defaultConfigurationName = Release;
		};
		60D6779A2C08B0DD00421EF5 /* Build configuration list for PBXNativeTarget "NewYorkTimesTests" */ = {
			isa = XCConfigurationList;
			buildConfigurations = (
				60D6779B2C08B0DD00421EF5 /* Debug */,
				60D6779C2C08B0DD00421EF5 /* Release */,
			);
			defaultConfigurationIsVisible = 0;
			defaultConfigurationName = Release;
		};
		60D6779D2C08B0DD00421EF5 /* Build configuration list for PBXNativeTarget "NewYorkTimesUITests" */ = {
			isa = XCConfigurationList;
			buildConfigurations = (
				60D6779E2C08B0DD00421EF5 /* Debug */,
				60D6779F2C08B0DD00421EF5 /* Release */,
			);
			defaultConfigurationIsVisible = 0;
			defaultConfigurationName = Release;
		};
/* End XCConfigurationList section */

/* Begin XCVersionGroup section */
		60D677762C08B0D900421EF5 /* NewYorkTimes.xcdatamodeld */ = {
			isa = XCVersionGroup;
			children = (
				60D677772C08B0D900421EF5 /* NewYorkTimes.xcdatamodel */,
			);
			currentVersion = 60D677772C08B0D900421EF5 /* NewYorkTimes.xcdatamodel */;
			path = NewYorkTimes.xcdatamodeld;
			sourceTree = "<group>";
			versionGroupType = wrapper.xcdatamodel;
		};
/* End XCVersionGroup section */
	};
	rootObject = 60D677622C08B0D900421EF5 /* Project object */;
}
